{
  "nodes": {
    "fenix": {
      "inputs": {
        "nixpkgs": [
          "nixpkgs"
        ],
        "rust-analyzer-src": "rust-analyzer-src"
      },
      "locked": {
        "lastModified": 1647152861,
        "narHash": "sha256-nROKdxcnpcDrf+OwU+VYC1xIgDfM6Ym5vc95t+mDapM=",
        "owner": "nix-community",
        "repo": "fenix",
        "rev": "822fa8472eecbf8f45e342a246caeda36be4e7e5",
        "type": "github"
      },
      "original": {
        "owner": "nix-community",
        "repo": "fenix",
        "type": "github"
      }
    },
    "fenix_2": {
      "inputs": {
        "nixpkgs": [
          "sssim",
          "nixpkgs"
        ],
        "rust-analyzer-src": "rust-analyzer-src_2"
      },
      "locked": {
        "lastModified": 1648189601,
        "narHash": "sha256-1FaqI0wIhtTLpFPU63Q/WwRzH3lTzcRoJnvhDN2XFok=",
        "owner": "nix-community",
        "repo": "fenix",
        "rev": "9982a25f9538e4aabb15b50e79a14f84135c4e14",
        "type": "github"
      },
      "original": {
        "owner": "nix-community",
        "repo": "fenix",
        "type": "github"
      }
    },
    "flake-utils": {
      "locked": {
        "lastModified": 1644229661,
        "narHash": "sha256-1YdnJAsNy69bpcjuoKdOYQX0YxZBiCYZo4Twxerqv7k=",
        "owner": "numtide",
        "repo": "flake-utils",
        "rev": "3cecb5b042f7f209c56ffd8371b2711a290ec797",
        "type": "github"
      },
      "original": {
        "owner": "numtide",
        "repo": "flake-utils",
        "type": "github"
      }
    },
    "flake-utils_2": {
      "locked": {
        "lastModified": 1644229661,
        "narHash": "sha256-1YdnJAsNy69bpcjuoKdOYQX0YxZBiCYZo4Twxerqv7k=",
        "owner": "numtide",
        "repo": "flake-utils",
        "rev": "3cecb5b042f7f209c56ffd8371b2711a290ec797",
        "type": "github"
      },
      "original": {
        "owner": "numtide",
        "repo": "flake-utils",
        "type": "github"
      }
    },
    "flake-utils_3": {
      "locked": {
        "lastModified": 1610051610,
        "narHash": "sha256-U9rPz/usA1/Aohhk7Cmc2gBrEEKRzcW4nwPWMPwja4Y=",
        "owner": "numtide",
        "repo": "flake-utils",
        "rev": "3982c9903e93927c2164caa727cd3f6a0e6d14cc",
        "type": "github"
      },
      "original": {
        "owner": "numtide",
        "repo": "flake-utils",
        "type": "github"
      }
    },
    "flake-utils_4": {
      "locked": {
        "lastModified": 1644229661,
        "narHash": "sha256-1YdnJAsNy69bpcjuoKdOYQX0YxZBiCYZo4Twxerqv7k=",
        "owner": "numtide",
        "repo": "flake-utils",
        "rev": "3cecb5b042f7f209c56ffd8371b2711a290ec797",
        "type": "github"
      },
      "original": {
        "owner": "numtide",
        "repo": "flake-utils",
        "type": "github"
      }
    },
    "flake-utils_5": {
      "locked": {
        "lastModified": 1644229661,
        "narHash": "sha256-1YdnJAsNy69bpcjuoKdOYQX0YxZBiCYZo4Twxerqv7k=",
        "owner": "numtide",
        "repo": "flake-utils",
        "rev": "3cecb5b042f7f209c56ffd8371b2711a290ec797",
        "type": "github"
      },
      "original": {
        "owner": "numtide",
        "repo": "flake-utils",
        "type": "github"
      }
    },
    "flake-utils_6": {
      "locked": {
        "lastModified": 1610051610,
        "narHash": "sha256-U9rPz/usA1/Aohhk7Cmc2gBrEEKRzcW4nwPWMPwja4Y=",
        "owner": "numtide",
        "repo": "flake-utils",
        "rev": "3982c9903e93927c2164caa727cd3f6a0e6d14cc",
        "type": "github"
      },
      "original": {
        "owner": "numtide",
        "repo": "flake-utils",
        "type": "github"
      }
    },
    "flake-utils_7": {
      "locked": {
        "lastModified": 1644229661,
        "narHash": "sha256-1YdnJAsNy69bpcjuoKdOYQX0YxZBiCYZo4Twxerqv7k=",
        "owner": "numtide",
        "repo": "flake-utils",
        "rev": "3cecb5b042f7f209c56ffd8371b2711a290ec797",
        "type": "github"
      },
      "original": {
        "owner": "numtide",
        "repo": "flake-utils",
        "type": "github"
      }
    },
    "flake-utils_8": {
      "locked": {
        "lastModified": 1610051610,
        "narHash": "sha256-U9rPz/usA1/Aohhk7Cmc2gBrEEKRzcW4nwPWMPwja4Y=",
        "owner": "numtide",
        "repo": "flake-utils",
        "rev": "3982c9903e93927c2164caa727cd3f6a0e6d14cc",
        "type": "github"
      },
      "original": {
        "owner": "numtide",
        "repo": "flake-utils",
        "type": "github"
      }
    },
    "flake-utils_9": {
      "locked": {
        "lastModified": 1644229661,
        "narHash": "sha256-1YdnJAsNy69bpcjuoKdOYQX0YxZBiCYZo4Twxerqv7k=",
        "owner": "numtide",
        "repo": "flake-utils",
        "rev": "3cecb5b042f7f209c56ffd8371b2711a290ec797",
        "type": "github"
      },
      "original": {
        "owner": "numtide",
        "repo": "flake-utils",
        "type": "github"
      }
    },
    "generate-package-data": {
      "inputs": {
        "flake-utils": "flake-utils_2",
        "nixpkgs": "nixpkgs",
        "poetry2nix": "poetry2nix"
      },
      "locked": {
        "lastModified": 1,
        "narHash": "sha256-lcZdfmO9gtE5PnaGPtaieGOhXsEsoP5Le/TRkSXkoCk=",
        "path": "generate-package-data",
        "type": "path"
      },
      "original": {
        "path": "generate-package-data",
        "type": "path"
      }
    },
    "naersk": {
      "inputs": {
        "nixpkgs": [
          "sssim",
          "nixpkgs"
        ]
      },
      "locked": {
        "lastModified": 1639947939,
        "narHash": "sha256-pGsM8haJadVP80GFq4xhnSpNitYNQpaXk4cnA796Cso=",
        "owner": "nix-community",
        "repo": "naersk",
        "rev": "2fc8ce9d3c025d59fee349c1f80be9785049d653",
        "type": "github"
      },
      "original": {
        "owner": "nix-community",
        "repo": "naersk",
        "type": "github"
      }
    },
    "nixpkgs": {
      "locked": {
        "lastModified": 1648167099,
        "narHash": "sha256-5j3jSv5e/x0Mv+7f0wQRK3n1SlKLbry6AkUeTs9qOJs=",
        "owner": "NixOS",
        "repo": "nixpkgs",
        "rev": "4b992f5806e29397ca862ec7380faa0d2d7f8c1f",
        "type": "github"
      },
      "original": {
        "owner": "NixOS",
        "repo": "nixpkgs",
        "type": "github"
      }
    },
    "nixpkgs_2": {
      "locked": {
        "lastModified": 1647207176,
        "narHash": "sha256-X9qu1BaM9q7Jfr0mFjaSPUTSDyQPKv+c5gkVDXQrUDw=",
        "owner": "NixOS",
        "repo": "nixpkgs",
        "rev": "def8a25f746c79b55db0260cc89cd014d0ebacb9",
        "type": "github"
      },
      "original": {
        "owner": "NixOS",
        "repo": "nixpkgs",
        "type": "github"
      }
    },
    "nixpkgs_3": {
      "locked": {
        "lastModified": 1648167099,
        "narHash": "sha256-5j3jSv5e/x0Mv+7f0wQRK3n1SlKLbry6AkUeTs9qOJs=",
        "owner": "NixOS",
        "repo": "nixpkgs",
        "rev": "4b992f5806e29397ca862ec7380faa0d2d7f8c1f",
        "type": "github"
      },
      "original": {
        "owner": "NixOS",
        "repo": "nixpkgs",
        "type": "github"
      }
    },
    "nixpkgs_4": {
      "locked": {
        "lastModified": 1648162330,
        "narHash": "sha256-8hD6lFayU57Psd7Z7KZtOVskeXSUBZrMxquu/7PBbvI=",
        "owner": "NixOS",
        "repo": "nixpkgs",
        "rev": "6a74aa0a1372c93571ce3c0ce4e23daf05df019e",
        "type": "github"
      },
      "original": {
        "owner": "NixOS",
        "repo": "nixpkgs",
        "type": "github"
      }
    },
    "nixpkgs_5": {
      "locked": {
        "lastModified": 1648207983,
        "narHash": "sha256-JiNOCkkRxBDC6atsx23bZmmU1QdBKR+kLsf6+PGizBY=",
        "owner": "NixOS",
        "repo": "nixpkgs",
        "rev": "1d425aeca2585713fc85aa898dcb4944530e00d8",
        "type": "github"
      },
      "original": {
        "owner": "NixOS",
        "repo": "nixpkgs",
        "type": "github"
      }
    },
    "poetry2nix": {
      "inputs": {
        "flake-utils": "flake-utils_3",
        "nixpkgs": [
          "generate-package-data",
          "nixpkgs"
        ]
      },
      "locked": {
        "lastModified": 1647948094,
        "narHash": "sha256-i5Z5CwkD605CH39lM9JbDTzIffqa39NWPC/fQf/h500=",
        "owner": "nix-community",
        "repo": "poetry2nix",
        "rev": "dcee9f6a54445356aa4268139ca19c9f68cde8d1",
        "type": "github"
      },
      "original": {
        "owner": "nix-community",
        "repo": "poetry2nix",
        "type": "github"
      }
    },
    "poetry2nix_2": {
      "inputs": {
        "flake-utils": "flake-utils_6",
        "nixpkgs": [
          "ssanalyze",
          "nixpkgs"
        ]
      },
      "locked": {
        "lastModified": 1647948094,
        "narHash": "sha256-i5Z5CwkD605CH39lM9JbDTzIffqa39NWPC/fQf/h500=",
        "owner": "nix-community",
        "repo": "poetry2nix",
        "rev": "dcee9f6a54445356aa4268139ca19c9f68cde8d1",
        "type": "github"
      },
      "original": {
        "owner": "nix-community",
        "repo": "poetry2nix",
        "type": "github"
      }
    },
    "poetry2nix_3": {
      "inputs": {
        "flake-utils": "flake-utils_8",
        "nixpkgs": [
          "sslogs",
          "nixpkgs"
        ]
      },
      "locked": {
        "lastModified": 1647948094,
        "narHash": "sha256-i5Z5CwkD605CH39lM9JbDTzIffqa39NWPC/fQf/h500=",
        "owner": "nix-community",
        "repo": "poetry2nix",
        "rev": "dcee9f6a54445356aa4268139ca19c9f68cde8d1",
        "type": "github"
      },
      "original": {
        "owner": "nix-community",
        "repo": "poetry2nix",
        "type": "github"
      }
    },
    "pre-commit-hooks": {
      "inputs": {
        "flake-utils": "flake-utils_4",
        "nixpkgs": [
          "nixpkgs"
        ]
      },
      "locked": {
        "lastModified": 1646153636,
        "narHash": "sha256-AlWHMzK+xJ1mG267FdT8dCq/HvLCA6jwmx2ZUy5O8tY=",
        "owner": "cachix",
        "repo": "pre-commit-hooks.nix",
        "rev": "b6bc0b21e1617e2b07d8205e7fae7224036dfa4b",
        "type": "github"
      },
      "original": {
        "owner": "cachix",
        "repo": "pre-commit-hooks.nix",
        "type": "github"
      }
    },
    "root": {
      "inputs": {
        "fenix": "fenix",
        "flake-utils": "flake-utils",
        "generate-package-data": "generate-package-data",
        "nixpkgs": "nixpkgs_2",
        "pre-commit-hooks": "pre-commit-hooks",
        "ssanalyze": "ssanalyze",
        "sslogs": "sslogs",
        "sssim": "sssim"
      }
    },
    "rust-analyzer-src": {
      "flake": false,
      "locked": {
        "lastModified": 1647100385,
        "narHash": "sha256-RRDw3ZURuAOVDKLe76XBM88u4wbbsR45b4enpLhuZK4=",
        "owner": "rust-analyzer",
        "repo": "rust-analyzer",
        "rev": "5fcf979f8a09e6504bbe540cbff6d640b959935c",
        "type": "github"
      },
      "original": {
        "owner": "rust-analyzer",
        "ref": "nightly",
        "repo": "rust-analyzer",
        "type": "github"
      }
    },
    "rust-analyzer-src_2": {
      "flake": false,
      "locked": {
        "lastModified": 1648142838,
        "narHash": "sha256-EMHWMADpEsnDeQlAXAiKryD96PL7XGNXcZuc36MJLgM=",
        "owner": "rust-analyzer",
        "repo": "rust-analyzer",
        "rev": "d64f455e884723f7d6e977ed785b7ac160a4af75",
        "type": "github"
      },
      "original": {
        "owner": "rust-analyzer",
        "ref": "nightly",
        "repo": "rust-analyzer",
        "type": "github"
      }
    },
    "ssanalyze": {
      "inputs": {
        "flake-utils": "flake-utils_5",
        "nixpkgs": "nixpkgs_3",
        "poetry2nix": "poetry2nix_2"
      },
      "locked": {
        "lastModified": 1,
        "narHash": "sha256-U7yky0CIlqZ0c8/3WHqCCfALdBO8N+1PcEEqZ2XTfQg=",
        "path": "analysis",
        "type": "path"
      },
      "original": {
        "path": "analysis",
        "type": "path"
      }
    },
    "sslogs": {
      "inputs": {
        "flake-utils": "flake-utils_7",
        "nixpkgs": "nixpkgs_4",
        "poetry2nix": "poetry2nix_3"
      },
      "locked": {
        "lastModified": 1,
        "narHash": "sha256-zIaoug4myHt9+nlQLwPWxWUr4yy54vqBIEtzC8XeyP8=",
        "path": "logparser",
        "type": "path"
      },
      "original": {
        "path": "logparser",
        "type": "path"
      }
    },
    "sssim": {
      "inputs": {
        "fenix": "fenix_2",
        "flake-utils": "flake-utils_9",
        "naersk": "naersk",
        "nixpkgs": "nixpkgs_5"
      },
      "locked": {
        "lastModified": 1,
        "narHash": "sha256-FvgMU3JCF3xtFWujmTybZlUirTTYzc3l3zTEmipn1hc=",
        "path": "sssim",
        "type": "path"
      },
      "original": {
        "path": "sssim",
        "type": "path"
      }
    }
  },
  "root": "root",
  "version": 7
}
