{
  "nodes": {
    "fenix": {
      "inputs": {
        "nixpkgs": [
          "nixpkgs"
        ],
        "rust-analyzer-src": "rust-analyzer-src"
      },
      "locked": {
        "lastModified": 1680243768,
        "narHash": "sha256-2laKIpOTDdcTs7UHpljMpzFA+sq2l6iOYKvIhDPxMq0=",
        "owner": "nix-community",
        "repo": "fenix",
        "rev": "cbcb84751afdfd52d3dd3dc9caf328b59250052c",
        "type": "github"
      },
      "original": {
        "owner": "nix-community",
        "repo": "fenix",
        "type": "github"
      }
    },
    "fenix_2": {
      "inputs": {
        "nixpkgs": [
          "sssim",
          "nixpkgs"
        ],
        "rust-analyzer-src": "rust-analyzer-src_2"
      },
      "locked": {
        "lastModified": 1680243768,
        "narHash": "sha256-2laKIpOTDdcTs7UHpljMpzFA+sq2l6iOYKvIhDPxMq0=",
        "owner": "nix-community",
        "repo": "fenix",
        "rev": "cbcb84751afdfd52d3dd3dc9caf328b59250052c",
        "type": "github"
      },
      "original": {
        "owner": "nix-community",
        "repo": "fenix",
        "type": "github"
      }
    },
    "flake-compat": {
      "flake": false,
      "locked": {
        "lastModified": 1673956053,
        "narHash": "sha256-4gtG9iQuiKITOjNQQeQIpoIB6b16fm+504Ch3sNKLd8=",
        "owner": "edolstra",
        "repo": "flake-compat",
        "rev": "35bb57c0c8d8b62bbfd284272c928ceb64ddbde9",
        "type": "github"
      },
      "original": {
        "owner": "edolstra",
        "repo": "flake-compat",
        "type": "github"
      }
    },
    "flake-utils": {
      "locked": {
        "lastModified": 1678901627,
        "narHash": "sha256-U02riOqrKKzwjsxc/400XnElV+UtPUQWpANPlyazjH0=",
        "owner": "numtide",
        "repo": "flake-utils",
        "rev": "93a2b84fc4b70d9e089d029deacc3583435c2ed6",
        "type": "github"
      },
      "original": {
        "owner": "numtide",
        "repo": "flake-utils",
        "type": "github"
      }
    },
    "flake-utils_2": {
      "locked": {
        "lastModified": 1644229661,
        "narHash": "sha256-1YdnJAsNy69bpcjuoKdOYQX0YxZBiCYZo4Twxerqv7k=",
        "owner": "numtide",
        "repo": "flake-utils",
        "rev": "3cecb5b042f7f209c56ffd8371b2711a290ec797",
        "type": "github"
      },
      "original": {
        "owner": "numtide",
        "repo": "flake-utils",
        "type": "github"
      }
    },
    "flake-utils_3": {
      "locked": {
        "lastModified": 1610051610,
        "narHash": "sha256-U9rPz/usA1/Aohhk7Cmc2gBrEEKRzcW4nwPWMPwja4Y=",
        "owner": "numtide",
        "repo": "flake-utils",
        "rev": "3982c9903e93927c2164caa727cd3f6a0e6d14cc",
        "type": "github"
      },
      "original": {
        "owner": "numtide",
        "repo": "flake-utils",
        "type": "github"
      }
    },
    "flake-utils_4": {
      "locked": {
        "lastModified": 1667395993,
        "narHash": "sha256-nuEHfE/LcWyuSWnS8t12N1wc105Qtau+/OdUAjtQ0rA=",
        "owner": "numtide",
        "repo": "flake-utils",
        "rev": "5aed5285a952e0b949eb3ba02c12fa4fcfef535f",
        "type": "github"
      },
      "original": {
        "owner": "numtide",
        "repo": "flake-utils",
        "type": "github"
      }
    },
    "flake-utils_5": {
      "locked": {
        "lastModified": 1644229661,
        "narHash": "sha256-1YdnJAsNy69bpcjuoKdOYQX0YxZBiCYZo4Twxerqv7k=",
        "owner": "numtide",
        "repo": "flake-utils",
        "rev": "3cecb5b042f7f209c56ffd8371b2711a290ec797",
        "type": "github"
      },
      "original": {
        "owner": "numtide",
        "repo": "flake-utils",
        "type": "github"
      }
    },
    "flake-utils_6": {
      "locked": {
        "lastModified": 1610051610,
        "narHash": "sha256-U9rPz/usA1/Aohhk7Cmc2gBrEEKRzcW4nwPWMPwja4Y=",
        "owner": "numtide",
        "repo": "flake-utils",
        "rev": "3982c9903e93927c2164caa727cd3f6a0e6d14cc",
        "type": "github"
      },
      "original": {
        "owner": "numtide",
        "repo": "flake-utils",
        "type": "github"
      }
    },
    "flake-utils_7": {
      "locked": {
        "lastModified": 1644229661,
        "narHash": "sha256-1YdnJAsNy69bpcjuoKdOYQX0YxZBiCYZo4Twxerqv7k=",
        "owner": "numtide",
        "repo": "flake-utils",
        "rev": "3cecb5b042f7f209c56ffd8371b2711a290ec797",
        "type": "github"
      },
      "original": {
        "owner": "numtide",
        "repo": "flake-utils",
        "type": "github"
      }
    },
    "flake-utils_8": {
      "locked": {
        "lastModified": 1610051610,
        "narHash": "sha256-U9rPz/usA1/Aohhk7Cmc2gBrEEKRzcW4nwPWMPwja4Y=",
        "owner": "numtide",
        "repo": "flake-utils",
        "rev": "3982c9903e93927c2164caa727cd3f6a0e6d14cc",
        "type": "github"
      },
      "original": {
        "owner": "numtide",
        "repo": "flake-utils",
        "type": "github"
      }
    },
    "flake-utils_9": {
      "locked": {
        "lastModified": 1678901627,
        "narHash": "sha256-U02riOqrKKzwjsxc/400XnElV+UtPUQWpANPlyazjH0=",
        "owner": "numtide",
        "repo": "flake-utils",
        "rev": "93a2b84fc4b70d9e089d029deacc3583435c2ed6",
        "type": "github"
      },
      "original": {
        "owner": "numtide",
        "repo": "flake-utils",
        "type": "github"
      }
    },
    "generate-package-data": {
      "inputs": {
        "flake-utils": "flake-utils_2",
        "nixpkgs": "nixpkgs",
        "poetry2nix": "poetry2nix"
      },
      "locked": {
        "lastModified": 1,
        "narHash": "sha256-lcZdfmO9gtE5PnaGPtaieGOhXsEsoP5Le/TRkSXkoCk=",
        "path": "generate-package-data",
        "type": "path"
      },
      "original": {
        "path": "generate-package-data",
        "type": "path"
      }
    },
    "gitignore": {
      "inputs": {
        "nixpkgs": [
          "pre-commit-hooks",
          "nixpkgs"
        ]
      },
      "locked": {
        "lastModified": 1660459072,
        "narHash": "sha256-8DFJjXG8zqoONA1vXtgeKXy68KdJL5UaXR8NtVMUbx8=",
        "owner": "hercules-ci",
        "repo": "gitignore.nix",
        "rev": "a20de23b925fd8264fd7fad6454652e142fd7f73",
        "type": "github"
      },
      "original": {
        "owner": "hercules-ci",
        "repo": "gitignore.nix",
        "type": "github"
      }
    },
    "naersk": {
      "inputs": {
        "nixpkgs": [
          "sssim",
          "nixpkgs"
        ]
      },
      "locked": {
        "lastModified": 1679567394,
        "narHash": "sha256-ZvLuzPeARDLiQUt6zSZFGOs+HZmE+3g4QURc8mkBsfM=",
        "owner": "nix-community",
        "repo": "naersk",
        "rev": "88cd22380154a2c36799fe8098888f0f59861a15",
        "type": "github"
      },
      "original": {
        "owner": "nix-community",
        "repo": "naersk",
        "type": "github"
      }
    },
    "nixpkgs": {
      "locked": {
        "lastModified": 1648167099,
        "narHash": "sha256-5j3jSv5e/x0Mv+7f0wQRK3n1SlKLbry6AkUeTs9qOJs=",
        "owner": "NixOS",
        "repo": "nixpkgs",
        "rev": "4b992f5806e29397ca862ec7380faa0d2d7f8c1f",
        "type": "github"
      },
      "original": {
        "owner": "NixOS",
        "repo": "nixpkgs",
        "type": "github"
      }
    },
    "nixpkgs-stable": {
      "locked": {
        "lastModified": 1678872516,
        "narHash": "sha256-/E1YwtMtFAu2KUQKV/1+KFuReYPANM2Rzehk84VxVoc=",
        "owner": "NixOS",
        "repo": "nixpkgs",
        "rev": "9b8e5abb18324c7fe9f07cb100c3cd4a29cda8b8",
        "type": "github"
      },
      "original": {
        "owner": "NixOS",
        "ref": "nixos-22.11",
        "repo": "nixpkgs",
        "type": "github"
      }
    },
    "nixpkgs_2": {
      "locked": {
        "lastModified": 1680284520,
        "narHash": "sha256-d09wxcx3uBP10f5/LKKJ3vQqouAGyoaQjyPGwvGZzM0=",
        "owner": "NixOS",
        "repo": "nixpkgs",
        "rev": "22793aa0a2ae5227ab4d70d599c07b9b7c227c7b",
        "type": "github"
      },
      "original": {
        "owner": "NixOS",
        "repo": "nixpkgs",
        "type": "github"
      }
    },
    "nixpkgs_3": {
      "locked": {
        "lastModified": 1648167099,
        "narHash": "sha256-5j3jSv5e/x0Mv+7f0wQRK3n1SlKLbry6AkUeTs9qOJs=",
        "owner": "NixOS",
        "repo": "nixpkgs",
        "rev": "4b992f5806e29397ca862ec7380faa0d2d7f8c1f",
        "type": "github"
      },
      "original": {
        "owner": "NixOS",
        "repo": "nixpkgs",
        "type": "github"
      }
    },
    "nixpkgs_4": {
      "locked": {
        "lastModified": 1648162330,
        "narHash": "sha256-8hD6lFayU57Psd7Z7KZtOVskeXSUBZrMxquu/7PBbvI=",
        "owner": "NixOS",
        "repo": "nixpkgs",
        "rev": "6a74aa0a1372c93571ce3c0ce4e23daf05df019e",
        "type": "github"
      },
      "original": {
        "owner": "NixOS",
        "repo": "nixpkgs",
        "type": "github"
      }
    },
    "nixpkgs_5": {
      "locked": {
        "lastModified": 1680282165,
        "narHash": "sha256-8RAm90Cg4C3DuMUp21d4wHfuGoos68X2Eep0Lbj7G+0=",
        "owner": "NixOS",
        "repo": "nixpkgs",
        "rev": "3487ae7d0f39f09ab755adb07213c3cf03a67e47",
        "type": "github"
      },
      "original": {
        "owner": "NixOS",
        "repo": "nixpkgs",
        "type": "github"
      }
    },
    "poetry2nix": {
      "inputs": {
        "flake-utils": "flake-utils_3",
        "nixpkgs": [
          "generate-package-data",
          "nixpkgs"
        ]
      },
      "locked": {
        "lastModified": 1647948094,
        "narHash": "sha256-i5Z5CwkD605CH39lM9JbDTzIffqa39NWPC/fQf/h500=",
        "owner": "nix-community",
        "repo": "poetry2nix",
        "rev": "dcee9f6a54445356aa4268139ca19c9f68cde8d1",
        "type": "github"
      },
      "original": {
        "owner": "nix-community",
        "repo": "poetry2nix",
        "type": "github"
      }
    },
    "poetry2nix_2": {
      "inputs": {
        "flake-utils": "flake-utils_6",
        "nixpkgs": [
          "ssanalyze",
          "nixpkgs"
        ]
      },
      "locked": {
        "lastModified": 1647948094,
        "narHash": "sha256-i5Z5CwkD605CH39lM9JbDTzIffqa39NWPC/fQf/h500=",
        "owner": "nix-community",
        "repo": "poetry2nix",
        "rev": "dcee9f6a54445356aa4268139ca19c9f68cde8d1",
        "type": "github"
      },
      "original": {
        "owner": "nix-community",
        "repo": "poetry2nix",
        "type": "github"
      }
    },
    "poetry2nix_3": {
      "inputs": {
        "flake-utils": "flake-utils_8",
        "nixpkgs": [
          "sslogs",
          "nixpkgs"
        ]
      },
      "locked": {
        "lastModified": 1647948094,
        "narHash": "sha256-i5Z5CwkD605CH39lM9JbDTzIffqa39NWPC/fQf/h500=",
        "owner": "nix-community",
        "repo": "poetry2nix",
        "rev": "dcee9f6a54445356aa4268139ca19c9f68cde8d1",
        "type": "github"
      },
      "original": {
        "owner": "nix-community",
        "repo": "poetry2nix",
        "type": "github"
      }
    },
    "pre-commit-hooks": {
      "inputs": {
        "flake-compat": "flake-compat",
        "flake-utils": "flake-utils_4",
        "gitignore": "gitignore",
        "nixpkgs": [
          "nixpkgs"
        ],
        "nixpkgs-stable": "nixpkgs-stable"
      },
      "locked": {
        "lastModified": 1680170909,
        "narHash": "sha256-FtKU/edv1jFRr/KwUxWTYWXEyj9g8GBrHntC2o8oFI8=",
        "owner": "cachix",
        "repo": "pre-commit-hooks.nix",
        "rev": "29dbe1efaa91c3a415d8b45d62d48325a4748816",
        "type": "github"
      },
      "original": {
        "owner": "cachix",
        "repo": "pre-commit-hooks.nix",
        "type": "github"
      }
    },
    "root": {
      "inputs": {
        "fenix": "fenix",
        "flake-utils": "flake-utils",
        "generate-package-data": "generate-package-data",
        "nixpkgs": "nixpkgs_2",
        "pre-commit-hooks": "pre-commit-hooks",
        "ssanalyze": "ssanalyze",
        "sslogs": "sslogs",
        "sssim": "sssim"
      }
    },
    "rust-analyzer-src": {
      "flake": false,
      "locked": {
        "lastModified": 1680191116,
        "narHash": "sha256-MW4geXhG73SBKDMsEtY8qxKIyvaJ5bYeRmai2JGSYfE=",
        "owner": "rust-lang",
        "repo": "rust-analyzer",
        "rev": "42d671fcb7173f1bdb4e785d732e6fb31b5bea0b",
        "type": "github"
      },
      "original": {
        "owner": "rust-lang",
        "ref": "nightly",
        "repo": "rust-analyzer",
        "type": "github"
      }
    },
    "rust-analyzer-src_2": {
      "flake": false,
      "locked": {
        "lastModified": 1680191116,
        "narHash": "sha256-MW4geXhG73SBKDMsEtY8qxKIyvaJ5bYeRmai2JGSYfE=",
        "owner": "rust-lang",
        "repo": "rust-analyzer",
        "rev": "42d671fcb7173f1bdb4e785d732e6fb31b5bea0b",
        "type": "github"
      },
      "original": {
        "owner": "rust-lang",
        "ref": "nightly",
        "repo": "rust-analyzer",
        "type": "github"
      }
    },
    "ssanalyze": {
      "inputs": {
        "flake-utils": "flake-utils_5",
        "nixpkgs": "nixpkgs_3",
        "poetry2nix": "poetry2nix_2"
      },
      "locked": {
        "lastModified": 1,
        "narHash": "sha256-U7yky0CIlqZ0c8/3WHqCCfALdBO8N+1PcEEqZ2XTfQg=",
        "path": "analysis",
        "type": "path"
      },
      "original": {
        "path": "analysis",
        "type": "path"
      }
    },
    "sslogs": {
      "inputs": {
        "flake-utils": "flake-utils_7",
        "nixpkgs": "nixpkgs_4",
        "poetry2nix": "poetry2nix_3"
      },
      "locked": {
        "lastModified": 1,
        "narHash": "sha256-lsXDAcqvwctAvqqbaKVIWM5vGr99n3cYi7yl4+EI9cQ=",
        "path": "logparser",
        "type": "path"
      },
      "original": {
        "path": "logparser",
        "type": "path"
      }
    },
    "sssim": {
      "inputs": {
        "fenix": "fenix_2",
        "flake-utils": "flake-utils_9",
        "naersk": "naersk",
        "nixpkgs": "nixpkgs_5"
      },
      "locked": {
        "lastModified": 1,
        "narHash": "sha256-MeRFVKffZ1e+orlD9irXAfcV5OojGrk8/rnkLILJfAg=",
        "path": "sssim",
        "type": "path"
      },
      "original": {
        "path": "sssim",
        "type": "path"
      }
    }
  },
  "root": "root",
  "version": 7
}
